<?xml version="1.0" encoding="utf-8"?>
<Project ToolsVersion="4.0" xmlns="http://schemas.microsoft.com/developer/msbuild/2003">
  <ItemGroup>
    <Filter Include="Source Files">
      <UniqueIdentifier>{4FC737F1-C7A5-4376-A066-2A32D752A2FF}</UniqueIdentifier>
      <Extensions>cpp;c;cc;cxx;def;odl;idl;hpj;bat;asm;asmx</Extensions>
    </Filter>
    <Filter Include="Source Files\dc">
      <UniqueIdentifier>{557816c4-678d-41f2-a3cf-82d7b8ebcb78}</UniqueIdentifier>
    </Filter>
    <Filter Include="Header Files">
      <UniqueIdentifier>{93995380-89BD-4b04-88EB-625FBE52EBFB}</UniqueIdentifier>
      <Extensions>h;hpp;hxx;hm;inl;inc;xsd</Extensions>
    </Filter>
    <Filter Include="Header Files\dc">
      <UniqueIdentifier>{34981bad-8d18-4858-a593-5e6255fbd0fa}</UniqueIdentifier>
    </Filter>
    <Filter Include="Resource Files">
      <UniqueIdentifier>{67DA6AB6-F800-4c08-8B7A-83BB121AAD01}</UniqueIdentifier>
      <Extensions>rc;ico;cur;bmp;dlg;rc2;rct;bin;rgs;gif;jpg;jpeg;jpe;resx;tiff;tif;png;wav</Extensions>
    </Filter>
  </ItemGroup>
  <ItemGroup>
    <ClCompile Include="fmopl.cpp">
      <Filter>Source Files</Filter>
    </ClCompile>
    <ClCompile Include="id_ca.cpp">
      <Filter>Source Files</Filter>
    </ClCompile>
    <ClCompile Include="id_in.cpp">
      <Filter>Source Files</Filter>
    </ClCompile>
    <ClCompile Include="id_pm.cpp">
      <Filter>Source Files</Filter>
    </ClCompile>
    <ClCompile Include="id_sd.cpp">
      <Filter>Source Files</Filter>
    </ClCompile>
    <ClCompile Include="id_us_1.cpp">
      <Filter>Source Files</Filter>
    </ClCompile>
    <ClCompile Include="id_vh.cpp">
      <Filter>Source Files</Filter>
    </ClCompile>
    <ClCompile Include="id_vl.cpp">
      <Filter>Source Files</Filter>
    </ClCompile>
    <ClCompile Include="sdl_winmain.cpp">
      <Filter>Source Files</Filter>
    </ClCompile>
    <ClCompile Include="signon.cpp">
      <Filter>Source Files</Filter>
    </ClCompile>
    <ClCompile Include="wl_act1.cpp">
      <Filter>Source Files</Filter>
    </ClCompile>
    <ClCompile Include="wl_act2.cpp">
      <Filter>Source Files</Filter>
    </ClCompile>
    <ClCompile Include="wl_agent.cpp">
      <Filter>Source Files</Filter>
    </ClCompile>
    <ClCompile Include="wl_atmos.cpp">
      <Filter>Source Files</Filter>
    </ClCompile>
    <ClCompile Include="wl_cloudsky.cpp">
      <Filter>Source Files</Filter>
    </ClCompile>
    <ClCompile Include="wl_debug.cpp">
      <Filter>Source Files</Filter>
    </ClCompile>
    <ClCompile Include="wl_dir3dspr.cpp">
      <Filter>Source Files</Filter>
    </ClCompile>
    <ClCompile Include="wl_draw.cpp">
      <Filter>Source Files</Filter>
    </ClCompile>
    <ClCompile Include="wl_floorceiling.cpp">
      <Filter>Source Files</Filter>
    </ClCompile>
    <ClCompile Include="wl_game.cpp">
      <Filter>Source Files</Filter>
    </ClCompile>
    <ClCompile Include="wl_inter.cpp">
      <Filter>Source Files</Filter>
    </ClCompile>
    <ClCompile Include="wl_main.cpp">
      <Filter>Source Files</Filter>
    </ClCompile>
    <ClCompile Include="wl_menu.cpp">
      <Filter>Source Files</Filter>
    </ClCompile>
    <ClCompile Include="wl_parallax.cpp">
      <Filter>Source Files</Filter>
    </ClCompile>
    <ClCompile Include="wl_play.cpp">
      <Filter>Source Files</Filter>
    </ClCompile>
    <ClCompile Include="wl_shade.cpp">
      <Filter>Source Files</Filter>
    </ClCompile>
    <ClCompile Include="wl_state.cpp">
      <Filter>Source Files</Filter>
    </ClCompile>
    <ClCompile Include="wl_text.cpp">
      <Filter>Source Files</Filter>
    </ClCompile>
    <ClCompile Include="dc\dc_cd.cpp">
      <Filter>Source Files\dc</Filter>
    </ClCompile>
    <ClCompile Include="dc\dc_main.cpp">
      <Filter>Source Files\dc</Filter>
    </ClCompile>
    <ClCompile Include="dc\dc_maple.cpp">
      <Filter>Source Files\dc</Filter>
    </ClCompile>
    <ClCompile Include="dc\dc_video.cpp">
      <Filter>Source Files\dc</Filter>
    </ClCompile>
    <ClCompile Include="dc\dc_vmu.cpp">
      <Filter>Source Files\dc</Filter>
    </ClCompile>
    <ClCompile Include="crt.cpp">
      <Filter>Source Files</Filter>
    </ClCompile>
  </ItemGroup>
  <ItemGroup>
    <None Include="sodpal.inc">
      <Filter>Source Files</Filter>
    </None>
    <None Include="wolfpal.inc">
      <Filter>Source Files</Filter>
    </None>
    <None Include="Changes.txt" />
    <None Include="README.txt" />
  </ItemGroup>
  <ItemGroup>
    <ClInclude Include="audiosod.h">
      <Filter>Header Files</Filter>
    </ClInclude>
    <ClInclude Include="audiowl6.h">
      <Filter>Header Files</Filter>
    </ClInclude>
    <ClInclude Include="dc_vmu.h">
      <Filter>Header Files</Filter>
    </ClInclude>
    <ClInclude Include="f_spear.h">
      <Filter>Header Files</Filter>
    </ClInclude>
    <ClInclude Include="fmopl.h">
      <Filter>Header Files</Filter>
    </ClInclude>
    <ClInclude Include="foreign.h">
      <Filter>Header Files</Filter>
    </ClInclude>
    <ClInclude Include="gfxv_apo.h">
      <Filter>Header Files</Filter>
    </ClInclude>
    <ClInclude Include="gfxv_sod.h">
      <Filter>Header Files</Filter>
    </ClInclude>
    <ClInclude Include="gfxv_wl6.h">
      <Filter>Header Files</Filter>
    </ClInclude>
    <ClInclude Include="gp2x.h">
      <Filter>Header Files</Filter>
    </ClInclude>
    <ClInclude Include="id_ca.h">
      <Filter>Header Files</Filter>
    </ClInclude>
    <ClInclude Include="id_in.h">
      <Filter>Header Files</Filter>
    </ClInclude>
    <ClInclude Include="id_pm.h">
      <Filter>Header Files</Filter>
    </ClInclude>
    <ClInclude Include="id_sd.h">
      <Filter>Header Files</Filter>
    </ClInclude>
    <ClInclude Include="id_us.h">
      <Filter>Header Files</Filter>
    </ClInclude>
    <ClInclude Include="id_vh.h">
      <Filter>Header Files</Filter>
    </ClInclude>
    <ClInclude Include="id_vl.h">
      <Filter>Header Files</Filter>
    </ClInclude>
    <ClInclude Include="version.h">
      <Filter>Header Files</Filter>
    </ClInclude>
    <ClInclude Include="wl_atmos.h">
      <Filter>Header Files</Filter>
    </ClInclude>
    <ClInclude Include="wl_cloudsky.h">
      <Filter>Header Files</Filter>
    </ClInclude>
    <ClInclude Include="wl_def.h">
      <Filter>Header Files</Filter>
    </ClInclude>
    <ClInclude Include="wl_menu.h">
      <Filter>Header Files</Filter>
    </ClInclude>
    <ClInclude Include="wl_shade.h">
      <Filter>Header Files</Filter>
    </ClInclude>
    <ClInclude Include="dc\dc_main.h">
      <Filter>Header Files\dc</Filter>
    </ClInclude>
    <ClInclude Include="dc\dc_vmu.h">
      <Filter>Header Files\dc</Filter>
    </ClInclude>
    <ClInclude Include="crt.h">
      <Filter>Header Files</Filter>
    </ClInclude>
  </ItemGroup>
</Project>